
Microsoft Visual Studio Solution File, Format Version 12.00
# Visual Studio Version 17
VisualStudioVersion = 17.5.33516.290
MinimumVisualStudioVersion = 10.0.40219.1
Project("{FAE04EC0-301F-11D3-BF4B-00C04F79EFBC}") = "FirstPartialAPI", "FirstPartialAPI\FirstPartialAPI.csproj", "{8C1B220C-CE82-4FFB-813D-FCD7E3B5703D}"
EndProject
Project("{FAE04EC0-301F-11D3-BF4B-00C04F79EFBC}") = "Infraestructure", "Infraestructure\Infraestructure.csproj", "{329BC2DC-094F-4D49-8F46-8F0E34FB4F4D}"
EndProject
Project("{FAE04EC0-301F-11D3-BF4B-00C04F79EFBC}") = "Services", "Services\Services.csproj", "{6D796C2E-FBB6-4B00-8E85-93B1F7D926BF}"
EndProject
Global
	GlobalSection(SolutionConfigurationPlatforms) = preSolution
		Debug|Any CPU = Debug|Any CPU
		Release|Any CPU = Release|Any CPU
	EndGlobalSection
	GlobalSection(ProjectConfigurationPlatforms) = postSolution
		{8C1B220C-CE82-4FFB-813D-FCD7E3B5703D}.Debug|Any CPU.ActiveCfg = Debug|Any CPU
		{8C1B220C-CE82-4FFB-813D-FCD7E3B5703D}.Debug|Any CPU.Build.0 = Debug|Any CPU
		{8C1B220C-CE82-4FFB-813D-FCD7E3B5703D}.Release|Any CPU.ActiveCfg = Release|Any CPU
		{8C1B220C-CE82-4FFB-813D-FCD7E3B5703D}.Release|Any CPU.Build.0 = Release|Any CPU
		{329BC2DC-094F-4D49-8F46-8F0E34FB4F4D}.Debug|Any CPU.ActiveCfg = Debug|Any CPU
		{329BC2DC-094F-4D49-8F46-8F0E34FB4F4D}.Debug|Any CPU.Build.0 = Debug|Any CPU
		{329BC2DC-094F-4D49-8F46-8F0E34FB4F4D}.Release|Any CPU.ActiveCfg = Release|Any CPU
		{329BC2DC-094F-4D49-8F46-8F0E34FB4F4D}.Release|Any CPU.Build.0 = Release|Any CPU
		{6D796C2E-FBB6-4B00-8E85-93B1F7D926BF}.Debug|Any CPU.ActiveCfg = Debug|Any CPU
		{6D796C2E-FBB6-4B00-8E85-93B1F7D926BF}.Debug|Any CPU.Build.0 = Debug|Any CPU
		{6D796C2E-FBB6-4B00-8E85-93B1F7D926BF}.Release|Any CPU.ActiveCfg = Release|Any CPU
		{6D796C2E-FBB6-4B00-8E85-93B1F7D926BF}.Release|Any CPU.Build.0 = Release|Any CPU
	EndGlobalSection
	GlobalSection(SolutionProperties) = preSolution
		HideSolutionNode = FALSE
	EndGlobalSection
	GlobalSection(ExtensibilityGlobals) = postSolution
		SolutionGuid = {88C79F69-D7F0-499B-8576-D9700E463DC9}
	EndGlobalSection
EndGlobal
